github.com/dimchansky/utfbom v1.1.1 h1:vV6w1AhK4VMnhBno/TPVCoK9U/LP0PkLCS9tbxHdi/U=
github.com/dimchansky/utfbom v1.1.1/go.mod h1:SxdoEBH5qIqFocHMyGOXVAybYJdr71b1Q/j0mACtrfE=
github.com/golang/glog v1.0.0 h1:nfP3RFugxnNRyKgeWd4oI1nYvXpxrx8ck8ZrcizshdQ=
github.com/golang/glog v1.0.0/go.mod h1:EWib/APOK0SL3dFbYqvxE3UYd8E6s1ouQ7iEp/0LWV4=
